
Microsoft Visual Studio Solution File, Format Version 12.00
# Visual Studio Version 16
VisualStudioVersion = 16.0.29709.97
MinimumVisualStudioVersion = 10.0.40219.1
Project("{FAE04EC0-301F-11D3-BF4B-00C04F79EFBC}") = "FingerPrintReader", "FingerPrintReader(Csharp)\FingerPrintReader.csproj", "{8E7DFEA3-C78E-4ECB-B7A6-4ACDC64FA3C4}"
EndProject
Global
	GlobalSection(SolutionConfigurationPlatforms) = preSolution
		Debug|Any CPU = Debug|Any CPU
		Release|Any CPU = Release|Any CPU
	EndGlobalSection
	GlobalSection(ProjectConfigurationPlatforms) = postSolution
		{8E7DFEA3-C78E-4ECB-B7A6-4ACDC64FA3C4}.Debug|Any CPU.ActiveCfg = Debug|Any CPU
		{8E7DFEA3-C78E-4ECB-B7A6-4ACDC64FA3C4}.Debug|Any CPU.Build.0 = Debug|Any CPU
		{8E7DFEA3-C78E-4ECB-B7A6-4ACDC64FA3C4}.Release|Any CPU.ActiveCfg = Release|Any CPU
		{8E7DFEA3-C78E-4ECB-B7A6-4ACDC64FA3C4}.Release|Any CPU.Build.0 = Release|Any CPU
	EndGlobalSection
	GlobalSection(SolutionProperties) = preSolution
		HideSolutionNode = FALSE
	EndGlobalSection
	GlobalSection(ExtensibilityGlobals) = postSolution
		SolutionGuid = {A0DE0536-AE45-4B6E-9281-4458C5ACB3D5}
	EndGlobalSection
EndGlobal
